// !$*UTF8*$!
{
	archiveVersion = 1;
	classes = {
	};
	objectVersion = 46;
	objects = {

/* Begin PBXBuildFile section */
		F95388271E271D0700D3724D /* main.m in Sources */ = {isa = PBXBuildFile; fileRef = F95388261E271D0700D3724D /* main.m */; };
		F953882A1E271D0700D3724D /* AppDelegate.m in Sources */ = {isa = PBXBuildFile; fileRef = F95388291E271D0700D3724D /* AppDelegate.m */; };
		F953882D1E271D0700D3724D /* ViewController.m in Sources */ = {isa = PBXBuildFile; fileRef = F953882C1E271D0700D3724D /* ViewController.m */; };
		F95388301E271D0700D3724D /* Main.storyboard in Resources */ = {isa = PBXBuildFile; fileRef = F953882E1E271D0700D3724D /* Main.storyboard */; };
		F95388321E271D0700D3724D /* Assets.xcassets in Resources */ = {isa = PBXBuildFile; fileRef = F95388311E271D0700D3724D /* Assets.xcassets */; };
		F95388351E271D0700D3724D /* LaunchScreen.storyboard in Resources */ = {isa = PBXBuildFile; fileRef = F95388331E271D0700D3724D /* LaunchScreen.storyboard */; };
		F95388401E271D0800D3724D /* Github___testUITests.m in Sources */ = {isa = PBXBuildFile; fileRef = F953883F1E271D0800D3724D /* Github___testUITests.m */; };
/* End PBXBuildFile section */

/* Begin PBXContainerItemProxy section */
		F953883C1E271D0800D3724D /* PBXContainerItemProxy */ = {
			isa = PBXContainerItemProxy;
			containerPortal = F953881A1E271D0700D3724D /* Project object */;
			proxyType = 1;
			remoteGlobalIDString = F95388211E271D0700D3724D;
			remoteInfo = "Github - test";
		};
/* End PBXContainerItemProxy section */

/* Begin PBXFileReference section */
		F95388221E271D0700D3724D /* Github - test.app */ = {isa = PBXFileReference; explicitFileType = wrapper.application; includeInIndex = 0; path = "Github - test.app"; sourceTree = BUILT_PRODUCTS_DIR; };
		F95388261E271D0700D3724D /* main.m */ = {isa = PBXFileReference; lastKnownFileType = sourcecode.c.objc; path = main.m; sourceTree = "<group>"; };
		F95388281E271D0700D3724D /* AppDelegate.h */ = {isa = PBXFileReference; lastKnownFileType = sourcecode.c.h; path = AppDelegate.h; sourceTree = "<group>"; };
		F95388291E271D0700D3724D /* AppDelegate.m */ = {isa = PBXFileReference; lastKnownFileType = sourcecode.c.objc; path = AppDelegate.m; sourceTree = "<group>"; };
		F953882B1E271D0700D3724D /* ViewController.h */ = {isa = PBXFileReference; lastKnownFileType = sourcecode.c.h; path = ViewController.h; sourceTree = "<group>"; };
		F953882C1E271D0700D3724D /* ViewController.m */ = {isa = PBXFileReference; lastKnownFileType = sourcecode.c.objc; path = ViewController.m; sourceTree = "<group>"; };
		F953882F1E271D0700D3724D /* Base */ = {isa = PBXFileReference; lastKnownFileType = file.storyboard; name = Base; path = Base.lproj/Main.storyboard; sourceTree = "<group>"; };
		F95388311E271D0700D3724D /* Assets.xcassets */ = {isa = PBXFileReference; lastKnownFileType = folder.assetcatalog; path = Assets.xcassets; sourceTree = "<group>"; };
		F95388341E271D0700D3724D /* Base */ = {isa = PBXFileReference; lastKnownFileType = file.storyboard; name = Base; path = Base.lproj/LaunchScreen.storyboard; sourceTree = "<group>"; };
		F95388361E271D0700D3724D /* Info.plist */ = {isa = PBXFileReference; lastKnownFileType = text.plist.xml; path = Info.plist; sourceTree = "<group>"; };
		F953883B1E271D0800D3724D /* Github - testUITests.xctest */ = {isa = PBXFileReference; explicitFileType = wrapper.cfbundle; includeInIndex = 0; path = "Github - testUITests.xctest"; sourceTree = BUILT_PRODUCTS_DIR; };
		F953883F1E271D0800D3724D /* Github___testUITests.m */ = {isa = PBXFileReference; lastKnownFileType = sourcecode.c.objc; path = "Github___testUITests.m"; sourceTree = "<group>"; };
		F95388411E271D0800D3724D /* Info.plist */ = {isa = PBXFileReference; lastKnownFileType = text.plist.xml; path = Info.plist; sourceTree = "<group>"; };
/* End PBXFileReference section */

/* Begin PBXFrameworksBuildPhase section */
		F953881F1E271D0700D3724D /* Frameworks */ = {
			isa = PBXFrameworksBuildPhase;
			buildActionMask = 2147483647;
			files = (
			);
			runOnlyForDeploymentPostprocessing = 0;
		};
		F95388381E271D0800D3724D /* Frameworks */ = {
			isa = PBXFrameworksBuildPhase;
			buildActionMask = 2147483647;
			files = (
			);
			runOnlyForDeploymentPostprocessing = 0;
		};
/* End PBXFrameworksBuildPhase section */

/* Begin PBXGroup section */
		F95388191E271D0700D3724D = {
			isa = PBXGroup;
			children = (
				F95388241E271D0700D3724D /* Github - test */,
				F953883E1E271D0800D3724D /* Github - testUITests */,
				F95388231E271D0700D3724D /* Products */,
			);
			sourceTree = "<group>";
		};
		F95388231E271D0700D3724D /* Products */ = {
			isa = PBXGroup;
			children = (
				F95388221E271D0700D3724D /* Github - test.app */,
				F953883B1E271D0800D3724D /* Github - testUITests.xctest */,
			);
			name = Products;
			sourceTree = "<group>";
		};
		F95388241E271D0700D3724D /* Github - test */ = {
			isa = PBXGroup;
			children = (
				F953884A1E2722EA00D3724D /* Classes */,
				F95388281E271D0700D3724D /* AppDelegate.h */,
				F95388291E271D0700D3724D /* AppDelegate.m */,
				F953882B1E271D0700D3724D /* ViewController.h */,
				F953882C1E271D0700D3724D /* ViewController.m */,
				F953882E1E271D0700D3724D /* Main.storyboard */,
				F95388311E271D0700D3724D /* Assets.xcassets */,
				F95388331E271D0700D3724D /* LaunchScreen.storyboard */,
				F95388361E271D0700D3724D /* Info.plist */,
				F95388251E271D0700D3724D /* Supporting Files */,
			);
			path = "Github - test";
			sourceTree = "<group>";
		};
		F95388251E271D0700D3724D /* Supporting Files */ = {
			isa = PBXGroup;
			children = (
				F95388261E271D0700D3724D /* main.m */,
			);
			name = "Supporting Files";
			sourceTree = "<group>";
		};
		F953883E1E271D0800D3724D /* Github - testUITests */ = {
			isa = PBXGroup;
			children = (
				F953883F1E271D0800D3724D /* Github___testUITests.m */,
				F95388411E271D0800D3724D /* Info.plist */,
			);
			path = "Github - testUITests";
			sourceTree = "<group>";
		};
		F953884A1E2722EA00D3724D /* Classes */ = {
			isa = PBXGroup;
			children = (
				F953884B1E2722EA00D3724D /* Home */,
			);
			path = Classes;
			sourceTree = "<group>";
		};
		F953884B1E2722EA00D3724D /* Home */ = {
			isa = PBXGroup;
			children = (
				F953884C1E2722EA00D3724D /* Controller */,
				F953884D1E2722EA00D3724D /* Model */,
				F953884E1E2722EA00D3724D /* View */,
			);
			path = Home;
			sourceTree = "<group>";
		};
		F953884C1E2722EA00D3724D /* Controller */ = {
			isa = PBXGroup;
			children = (
			);
			path = Controller;
			sourceTree = "<group>";
		};
		F953884D1E2722EA00D3724D /* Model */ = {
			isa = PBXGroup;
			children = (
			);
			path = Model;
			sourceTree = "<group>";
		};
		F953884E1E2722EA00D3724D /* View */ = {
			isa = PBXGroup;
			children = (
			);
			path = View;
			sourceTree = "<group>";
		};
/* End PBXGroup section */

/* Begin PBXNativeTarget section */
		F95388211E271D0700D3724D /* Github - test */ = {
			isa = PBXNativeTarget;
			buildConfigurationList = F95388441E271D0800D3724D /* Build configuration list for PBXNativeTarget "Github - test" */;
			buildPhases = (
				F953881E1E271D0700D3724D /* Sources */,
				F953881F1E271D0700D3724D /* Frameworks */,
				F95388201E271D0700D3724D /* Resources */,
			);
			buildRules = (
			);
			dependencies = (
			);
			name = "Github - test";
			productName = "Github - test";
			productReference = F95388221E271D0700D3724D /* Github - test.app */;
			productType = "com.apple.product-type.application";
		};
		F953883A1E271D0800D3724D /* Github - testUITests */ = {
			isa = PBXNativeTarget;
			buildConfigurationList = F95388471E271D0800D3724D /* Build configuration list for PBXNativeTarget "Github - testUITests" */;
			buildPhases = (
				F95388371E271D0800D3724D /* Sources */,
				F95388381E271D0800D3724D /* Frameworks */,
				F95388391E271D0800D3724D /* Resources */,
			);
			buildRules = (
			);
			dependencies = (
				F953883D1E271D0800D3724D /* PBXTargetDependency */,
			);
			name = "Github - testUITests";
			productName = "Github - testUITests";
			productReference = F953883B1E271D0800D3724D /* Github - testUITests.xctest */;
			productType = "com.apple.product-type.bundle.ui-testing";
		};
/* End PBXNativeTarget section */

/* Begin PBXProject section */
		F953881A1E271D0700D3724D /* Project object */ = {
			isa = PBXProject;
			attributes = {
				LastUpgradeCheck = 0800;
				ORGANIZATIONNAME = LY;
				TargetAttributes = {
					F95388211E271D0700D3724D = {
						CreatedOnToolsVersion = 8.0;
						DevelopmentTeam = C2UEMYKUYG;
						ProvisioningStyle = Automatic;
					};
					F953883A1E271D0800D3724D = {
						CreatedOnToolsVersion = 8.0;
						DevelopmentTeam = C2UEMYKUYG;
						ProvisioningStyle = Automatic;
						TestTargetID = F95388211E271D0700D3724D;
					};
				};
			};
			buildConfigurationList = F953881D1E271D0700D3724D /* Build configuration list for PBXProject "Github - test" */;
			compatibilityVersion = "Xcode 3.2";
			developmentRegion = English;
			hasScannedForEncodings = 0;
			knownRegions = (
				en,
				Base,
			);
			mainGroup = F95388191E271D0700D3724D;
			productRefGroup = F95388231E271D0700D3724D /* Products */;
			projectDirPath = "";
			projectRoot = "";
			targets = (
				F95388211E271D0700D3724D /* Github - test */,
				F953883A1E271D0800D3724D /* Github - testUITests */,
			);
		};
/* End PBXProject section */

/* Begin PBXResourcesBuildPhase section */
		F95388201E271D0700D3724D /* Resources */ = {
			isa = PBXResourcesBuildPhase;
			buildActionMask = 2147483647;
			files = (
				F95388351E271D0700D3724D /* LaunchScreen.storyboard in Resources */,
				F95388321E271D0700D3724D /* Assets.xcassets in Resources */,
				F95388301E271D0700D3724D /* Main.storyboard in Resources */,
			);
			runOnlyForDeploymentPostprocessing = 0;
		};
		F95388391E271D0800D3724D /* Resources */ = {
			isa = PBXResourcesBuildPhase;
			buildActionMask = 2147483647;
			files = (
			);
			runOnlyForDeploymentPostprocessing = 0;
		};
/* End PBXResourcesBuildPhase section */

/* Begin PBXSourcesBuildPhase section */
		F953881E1E271D0700D3724D /* Sources */ = {
			isa = PBXSourcesBuildPhase;
			buildActionMask = 2147483647;
			files = (
				F953882D1E271D0700D3724D /* ViewController.m in Sources */,
				F953882A1E271D0700D3724D /* AppDelegate.m in Sources */,
				F95388271E271D0700D3724D /* main.m in Sources */,
			);
			runOnlyForDeploymentPostprocessing = 0;
		};
		F95388371E271D0800D3724D /* Sources */ = {
			isa = PBXSourcesBuildPhase;
			buildActionMask = 2147483647;
			files = (
				F95388401E271D0800D3724D /* Github___testUITests.m in Sources */,
			);
			runOnlyForDeploymentPostprocessing = 0;
		};
/* End PBXSourcesBuildPhase section */

/* Begin PBXTargetDependency section */
		F953883D1E271D0800D3724D /* PBXTargetDependency */ = {
			isa = PBXTargetDependency;
			target = F95388211E271D0700D3724D /* Github - test */;
			targetProxy = F953883C1E271D0800D3724D /* PBXContainerItemProxy */;
		};
/* End PBXTargetDependency section */

/* Begin PBXVariantGroup section */
		F953882E1E271D0700D3724D /* Main.storyboard */ = {
			isa = PBXVariantGroup;
			children = (
				F953882F1E271D0700D3724D /* Base */,
			);
			name = Main.storyboard;
			sourceTree = "<group>";
		};
		F95388331E271D0700D3724D /* LaunchScreen.storyboard */ = {
			isa = PBXVariantGroup;
			children = (
				F95388341E271D0700D3724D /* Base */,
			);
			name = LaunchScreen.storyboard;
			sourceTree = "<group>";
		};
/* End PBXVariantGroup section */

/* Begin XCBuildConfiguration section */
		F95388421E271D0800D3724D /* Debug */ = {
			isa = XCBuildConfiguration;
			buildSettings = {
				ALWAYS_SEARCH_USER_PATHS = NO;
				CLANG_ANALYZER_NONNULL = YES;
				CLANG_CXX_LANGUAGE_STANDARD = "gnu++0x";
				CLANG_CXX_LIBRARY = "libc++";
				CLANG_ENABLE_MODULES = YES;
				CLANG_ENABLE_OBJC_ARC = YES;
				CLANG_WARN_BOOL_CONVERSION = YES;
				CLANG_WARN_CONSTANT_CONVERSION = YES;
				CLANG_WARN_DIRECT_OBJC_ISA_USAGE = YES_ERROR;
				CLANG_WARN_DOCUMENTATION_COMMENTS = YES;
				CLANG_WARN_EMPTY_BODY = YES;
				CLANG_WARN_ENUM_CONVERSION = YES;
				CLANG_WARN_INFINITE_RECURSION = YES;
				CLANG_WARN_INT_CONVERSION = YES;
				CLANG_WARN_OBJC_ROOT_CLASS = YES_ERROR;
				CLANG_WARN_SUSPICIOUS_MOVES = YES;
				CLANG_WARN_UNREACHABLE_CODE = YES;
				CLANG_WARN__DUPLICATE_METHOD_MATCH = YES;
				"CODE_SIGN_IDENTITY[sdk=iphoneos*]" = "iPhone Developer";
				COPY_PHASE_STRIP = NO;
				DEBUG_INFORMATION_FORMAT = dwarf;
				ENABLE_STRICT_OBJC_MSGSEND = YES;
				ENABLE_TESTABILITY = YES;
				GCC_C_LANGUAGE_STANDARD = gnu99;
				GCC_DYNAMIC_NO_PIC = NO;
				GCC_NO_COMMON_BLOCKS = YES;
				GCC_OPTIMIZATION_LEVEL = 0;
				GCC_PREPROCESSOR_DEFINITIONS = (
					"DEBUG=1",
					"$(inherited)",
				);
				GCC_WARN_64_TO_32_BIT_CONVERSION = YES;
				GCC_WARN_ABOUT_RETURN_TYPE = YES_ERROR;
				GCC_WARN_UNDECLARED_SELECTOR = YES;
				GCC_WARN_UNINITIALIZED_AUTOS = YES_AGGRESSIVE;
				GCC_WARN_UNUSED_FUNCTION = YES;
				GCC_WARN_UNUSED_VARIABLE = YES;
				IPHONEOS_DEPLOYMENT_TARGET = 10.0;
				MTL_ENABLE_DEBUG_INFO = YES;
				ONLY_ACTIVE_ARCH = YES;
				SDKROOT = iphoneos;
			};
			name = Debug;
		};
		F95388431E271D0800D3724D /* Release */ = {
			isa = XCBuildConfiguration;
			buildSettings = {
				ALWAYS_SEARCH_USER_PATHS = NO;
				CLANG_ANALYZER_NONNULL = YES;
				CLANG_CXX_LANGUAGE_STANDARD = "gnu++0x";
				CLANG_CXX_LIBRARY = "libc++";
				CLANG_ENABLE_MODULES = YES;
				CLANG_ENABLE_OBJC_ARC = YES;
				CLANG_WARN_BOOL_CONVERSION = YES;
				CLANG_WARN_CONSTANT_CONVERSION = YES;
				CLANG_WARN_DIRECT_OBJC_ISA_USAGE = YES_ERROR;
				CLANG_WARN_DOCUMENTATION_COMMENTS = YES;
				CLANG_WARN_EMPTY_BODY = YES;
				CLANG_WARN_ENUM_CONVERSION = YES;
				CLANG_WARN_INFINITE_RECURSION = YES;
				CLANG_WARN_INT_CONVERSION = YES;
				CLANG_WARN_OBJC_ROOT_CLASS = YES_ERROR;
				CLANG_WARN_SUSPICIOUS_MOVES = YES;
				CLANG_WARN_UNREACHABLE_CODE = YES;
				CLANG_WARN__DUPLICATE_METHOD_MATCH = YES;
				"CODE_SIGN_IDENTITY[sdk=iphoneos*]" = "iPhone Developer";
				COPY_PHASE_STRIP = NO;
				DEBUG_INFORMATION_FORMAT = "dwarf-with-dsym";
				ENABLE_NS_ASSERTIONS = NO;
				ENABLE_STRICT_OBJC_MSGSEND = YES;
				GCC_C_LANGUAGE_STANDARD = gnu99;
				GCC_NO_COMMON_BLOCKS = YES;
				GCC_WARN_64_TO_32_BIT_CONVERSION = YES;
				GCC_WARN_ABOUT_RETURN_TYPE = YES_ERROR;
				GCC_WARN_UNDECLARED_SELECTOR = YES;
				GCC_WARN_UNINITIALIZED_AUTOS = YES_AGGRESSIVE;
				GCC_WARN_UNUSED_FUNCTION = YES;
				GCC_WARN_UNUSED_VARIABLE = YES;
				IPHONEOS_DEPLOYMENT_TARGET = 10.0;
				MTL_ENABLE_DEBUG_INFO = NO;
				SDKROOT = iphoneos;
				VALIDATE_PRODUCT = YES;
			};
			name = Release;
		};
		F95388451E271D0800D3724D /* Debug */ = {
			isa = XCBuildConfiguration;
			buildSettings = {
				ASSETCATALOG_COMPILER_APPICON_NAME = AppIcon;
				DEVELOPMENT_TEAM = C2UEMYKUYG;
				INFOPLIST_FILE = "Github - test/Info.plist";
				LD_RUNPATH_SEARCH_PATHS = "$(inherited) @executable_path/Frameworks";
				PRODUCT_BUNDLE_IDENTIFIER = "LY.Github---test";
				PRODUCT_NAME = "$(TARGET_NAME)";
			};
			name = Debug;
		};
		F95388461E271D0800D3724D /* Release */ = {
			isa = XCBuildConfiguration;
			buildSettings = {
				ASSETCATALOG_COMPILER_APPICON_NAME = AppIcon;
				DEVELOPMENT_TEAM = C2UEMYKUYG;
				INFOPLIST_FILE = "Github - test/Info.plist";
				LD_RUNPATH_SEARCH_PATHS = "$(inherited) @executable_path/Frameworks";
				PRODUCT_BUNDLE_IDENTIFIER = "LY.Github---test";
				PRODUCT_NAME = "$(TARGET_NAME)";
			};
			name = Release;
		};
		F95388481E271D0800D3724D /* Debug */ = {
			isa = XCBuildConfiguration;
			buildSettings = {
				DEVELOPMENT_TEAM = C2UEMYKUYG;
				INFOPLIST_FILE = "Github - testUITests/Info.plist";
				LD_RUNPATH_SEARCH_PATHS = "$(inherited) @executable_path/Frameworks @loader_path/Frameworks";
				PRODUCT_BUNDLE_IDENTIFIER = "LY.Github---testUITests";
				PRODUCT_NAME = "$(TARGET_NAME)";
				TEST_TARGET_NAME = "Github - test";
			};
			name = Debug;
		};
		F95388491E271D0800D3724D /* Release */ = {
			isa = XCBuildConfiguration;
			buildSettings = {
				DEVELOPMENT_TEAM = C2UEMYKUYG;
				INFOPLIST_FILE = "Github - testUITests/Info.plist";
				LD_RUNPATH_SEARCH_PATHS = "$(inherited) @executable_path/Frameworks @loader_path/Frameworks";
				PRODUCT_BUNDLE_IDENTIFIER = "LY.Github---testUITests";
				PRODUCT_NAME = "$(TARGET_NAME)";
				TEST_TARGET_NAME = "Github - test";
			};
			name = Release;
		};
/* End XCBuildConfiguration section */

/* Begin XCConfigurationList section */
		F953881D1E271D0700D3724D /* Build configuration list for PBXProject "Github - test" */ = {
			isa = XCConfigurationList;
			buildConfigurations = (
				F95388421E271D0800D3724D /* Debug */,
				F95388431E271D0800D3724D /* Release */,
			);
			defaultConfigurationIsVisible = 0;
			defaultConfigurationName = Release;
		};
		F95388441E271D0800D3724D /* Build configuration list for PBXNativeTarget "Github - test" */ = {
			isa = XCConfigurationList;
			buildConfigurations = (
				F95388451E271D0800D3724D /* Debug */,
				F95388461E271D0800D3724D /* Release */,
			);
			defaultConfigurationIsVisible = 0;
		};
		F95388471E271D0800D3724D /* Build configuration list for PBXNativeTarget "Github - testUITests" */ = {
			isa = XCConfigurationList;
			buildConfigurations = (
				F95388481E271D0800D3724D /* Debug */,
				F95388491E271D0800D3724D /* Release */,
			);
			defaultConfigurationIsVisible = 0;
		};
/* End XCConfigurationList section */
	};
	rootObject = F953881A1E271D0700D3724D /* Project object */;
}
